
Microsoft Visual Studio Solution File, Format Version 12.00
# Visual Studio Version 17
VisualStudioVersion = 17.5.002.0
MinimumVisualStudioVersion = 10.0.40219.1
Project("{9A19103F-16F7-4668-BE54-9A1E7A4F7556}") = "AIforLS.LUCAS.ConsoleApp", "AIforLS.LUCAS.ConsoleApp.csproj", "{1EB67FE0-8C9C-476A-A712-E2EB6551AE3C}"
EndProject
Global
	GlobalSection(SolutionConfigurationPlatforms) = preSolution
		Debug|Any CPU = Debug|Any CPU
		Release|Any CPU = Release|Any CPU
	EndGlobalSection
	GlobalSection(ProjectConfigurationPlatforms) = postSolution
		{1EB67FE0-8C9C-476A-A712-E2EB6551AE3C}.Debug|Any CPU.ActiveCfg = Debug|Any CPU
		{1EB67FE0-8C9C-476A-A712-E2EB6551AE3C}.Debug|Any CPU.Build.0 = Debug|Any CPU
		{1EB67FE0-8C9C-476A-A712-E2EB6551AE3C}.Release|Any CPU.ActiveCfg = Release|Any CPU
		{1EB67FE0-8C9C-476A-A712-E2EB6551AE3C}.Release|Any CPU.Build.0 = Release|Any CPU
	EndGlobalSection
	GlobalSection(SolutionProperties) = preSolution
		HideSolutionNode = FALSE
	EndGlobalSection
	GlobalSection(ExtensibilityGlobals) = postSolution
		SolutionGuid = {39B17118-1494-4C19-BB9C-D6B54765EFFF}
	EndGlobalSection
EndGlobal
