
Microsoft Visual Studio Solution File, Format Version 12.00
# Visual Studio Version 17
VisualStudioVersion = 17.5.002.0
MinimumVisualStudioVersion = 10.0.40219.1
Project("{9A19103F-16F7-4668-BE54-9A1E7A4F7556}") = "awstemp", "awstemp.csproj", "{2ECA5555-F137-4ED4-82D8-D477BE619617}"
EndProject
Global
	GlobalSection(SolutionConfigurationPlatforms) = preSolution
		Debug|Any CPU = Debug|Any CPU
		Release|Any CPU = Release|Any CPU
	EndGlobalSection
	GlobalSection(ProjectConfigurationPlatforms) = postSolution
		{2ECA5555-F137-4ED4-82D8-D477BE619617}.Debug|Any CPU.ActiveCfg = Debug|Any CPU
		{2ECA5555-F137-4ED4-82D8-D477BE619617}.Debug|Any CPU.Build.0 = Debug|Any CPU
		{2ECA5555-F137-4ED4-82D8-D477BE619617}.Release|Any CPU.ActiveCfg = Release|Any CPU
		{2ECA5555-F137-4ED4-82D8-D477BE619617}.Release|Any CPU.Build.0 = Release|Any CPU
	EndGlobalSection
	GlobalSection(SolutionProperties) = preSolution
		HideSolutionNode = FALSE
	EndGlobalSection
	GlobalSection(ExtensibilityGlobals) = postSolution
		SolutionGuid = {E680D0A6-EF28-4E92-8B28-555ACB911462}
	EndGlobalSection
EndGlobal
